Microsoft Visual Studio Solution File, Format Version 12.00
# Visual Studio Version 17
VisualStudioVersion = 17.5.2.0
MinimumVisualStudioVersion = 10.0.40219.1
Project("{FAE04EC0-301F-11D3-BF4B-00C04F79EFBC}") = "PalisaidDemo", "PalisaidDemo.csproj", "{2F5DADAB-532F-6341-99B3-DD9CE7B72EF0}"
EndProject
Global
	GlobalSection(SolutionConfigurationPlatforms) = preSolution
		Debug|Any CPU = Debug|Any CPU
		Release|Any CPU = Release|Any CPU
	EndGlobalSection
	GlobalSection(ProjectConfigurationPlatforms) = postSolution
		{2F5DADAB-532F-6341-99B3-DD9CE7B72EF0}.Debug|Any CPU.ActiveCfg = Debug|Any CPU
		{2F5DADAB-532F-6341-99B3-DD9CE7B72EF0}.Debug|Any CPU.Build.0 = Debug|Any CPU
		{2F5DADAB-532F-6341-99B3-DD9CE7B72EF0}.Release|Any CPU.ActiveCfg = Release|Any CPU
		{2F5DADAB-532F-6341-99B3-DD9CE7B72EF0}.Release|Any CPU.Build.0 = Release|Any CPU
	EndGlobalSection
	GlobalSection(SolutionProperties) = preSolution
		HideSolutionNode = FALSE
	EndGlobalSection
	GlobalSection(ExtensibilityGlobals) = postSolution
		SolutionGuid = {B7603AB4-9C11-46C7-A908-1D7C24A17E70}
	EndGlobalSection
EndGlobal
